
Microsoft Visual Studio Solution File, Format Version 12.00
# Visual Studio Version 17
VisualStudioVersion = 17.0.32126.317
MinimumVisualStudioVersion = 10.0.40219.1
Project("{9A19103F-16F7-4668-BE54-9A1E7A4F7556}") = "practica01", "practica01\practica01.csproj", "{EA219C9B-959E-4418-A8AA-9A777EF41F33}"
EndProject
Global
	GlobalSection(SolutionConfigurationPlatforms) = preSolution
		Debug|Any CPU = Debug|Any CPU
		Release|Any CPU = Release|Any CPU
	EndGlobalSection
	GlobalSection(ProjectConfigurationPlatforms) = postSolution
		{EA219C9B-959E-4418-A8AA-9A777EF41F33}.Debug|Any CPU.ActiveCfg = Debug|Any CPU
		{EA219C9B-959E-4418-A8AA-9A777EF41F33}.Debug|Any CPU.Build.0 = Debug|Any CPU
		{EA219C9B-959E-4418-A8AA-9A777EF41F33}.Release|Any CPU.ActiveCfg = Release|Any CPU
		{EA219C9B-959E-4418-A8AA-9A777EF41F33}.Release|Any CPU.Build.0 = Release|Any CPU
	EndGlobalSection
	GlobalSection(SolutionProperties) = preSolution
		HideSolutionNode = FALSE
	EndGlobalSection
	GlobalSection(ExtensibilityGlobals) = postSolution
		SolutionGuid = {2ED73235-D1F7-43FA-A56E-5F800942FAA0}
	EndGlobalSection
EndGlobal
